
Microsoft Visual Studio Solution File, Format Version 12.00
# Visual Studio Version 17
VisualStudioVersion = 17.7.34031.279
MinimumVisualStudioVersion = 10.0.40219.1
Project("{FAE04EC0-301F-11D3-BF4B-00C04F79EFBC}") = "Semester 3 Projekt", "Semester 3 Projekt\Semester 3 Projekt.csproj", "{A0835432-90CC-4360-A565-01DF60C07DB0}"
EndProject
Global
	GlobalSection(SolutionConfigurationPlatforms) = preSolution
		Debug|Any CPU = Debug|Any CPU
		Release|Any CPU = Release|Any CPU
	EndGlobalSection
	GlobalSection(ProjectConfigurationPlatforms) = postSolution
		{A0835432-90CC-4360-A565-01DF60C07DB0}.Debug|Any CPU.ActiveCfg = Debug|Any CPU
		{A0835432-90CC-4360-A565-01DF60C07DB0}.Debug|Any CPU.Build.0 = Debug|Any CPU
		{A0835432-90CC-4360-A565-01DF60C07DB0}.Release|Any CPU.ActiveCfg = Release|Any CPU
		{A0835432-90CC-4360-A565-01DF60C07DB0}.Release|Any CPU.Build.0 = Release|Any CPU
	EndGlobalSection
	GlobalSection(SolutionProperties) = preSolution
		HideSolutionNode = FALSE
	EndGlobalSection
	GlobalSection(ExtensibilityGlobals) = postSolution
		SolutionGuid = {62273B3F-2DF9-4A36-80E9-9E261A6D352A}
	EndGlobalSection
EndGlobal
